// !$*UTF8*$!
{
	archiveVersion = 1;
	classes = {
	};
	objectVersion = 48;
	objects = {

/* Begin PBXBuildFile section */
		091805E91FB9724D00DBF315 /* ARSCNView+Extension.swift in Sources */ = {isa = PBXBuildFile; fileRef = 091805E81FB9724D00DBF315 /* ARSCNView+Extension.swift */; };
		091805EB1FB9727D00DBF315 /* SCNVector3 + Extension.swift in Sources */ = {isa = PBXBuildFile; fileRef = 091805EA1FB9727D00DBF315 /* SCNVector3 + Extension.swift */; };
		091805EE1FB9782000DBF315 /* RulerViewController.swift in Sources */ = {isa = PBXBuildFile; fileRef = 091805EC1FB9782000DBF315 /* RulerViewController.swift */; };
		091805EF1FB9782000DBF315 /* RulerViewController.xib in Resources */ = {isa = PBXBuildFile; fileRef = 091805ED1FB9782000DBF315 /* RulerViewController.xib */; };
		091805F11FB97AF900DBF315 /* Line.swift in Sources */ = {isa = PBXBuildFile; fileRef = 091805F01FB97AF900DBF315 /* Line.swift */; };
		093956711FBB1892008F51D1 /* ship.scn in Resources */ = {isa = PBXBuildFile; fileRef = 093956701FBB1892008F51D1 /* ship.scn */; };
		094DBE9D1FB7EBE5003E21F9 /* AppDelegate.swift in Sources */ = {isa = PBXBuildFile; fileRef = 094DBE9C1FB7EBE5003E21F9 /* AppDelegate.swift */; };
		094DBE9F1FB7EBE5003E21F9 /* ViewController.swift in Sources */ = {isa = PBXBuildFile; fileRef = 094DBE9E1FB7EBE5003E21F9 /* ViewController.swift */; };
		094DBEA21FB7EBE5003E21F9 /* Main.storyboard in Resources */ = {isa = PBXBuildFile; fileRef = 094DBEA01FB7EBE5003E21F9 /* Main.storyboard */; };
		094DBEA41FB7EBE5003E21F9 /* Assets.xcassets in Resources */ = {isa = PBXBuildFile; fileRef = 094DBEA31FB7EBE5003E21F9 /* Assets.xcassets */; };
		094DBEA71FB7EBE5003E21F9 /* LaunchScreen.storyboard in Resources */ = {isa = PBXBuildFile; fileRef = 094DBEA51FB7EBE5003E21F9 /* LaunchScreen.storyboard */; };
		094DBEB01FB7ED25003E21F9 /* SCenViewController.swift in Sources */ = {isa = PBXBuildFile; fileRef = 094DBEAF1FB7ED25003E21F9 /* SCenViewController.swift */; };
		094DBEB21FB7FA28003E21F9 /* art.scnassets in Resources */ = {isa = PBXBuildFile; fileRef = 094DBEB11FB7FA28003E21F9 /* art.scnassets */; };
		094DBEB41FB85865003E21F9 /* CABasicAnimationExtension.swift in Sources */ = {isa = PBXBuildFile; fileRef = 094DBEB31FB85865003E21F9 /* CABasicAnimationExtension.swift */; };
		097722731FBA8CBE00C262C0 /* 1510533381.gif in Resources */ = {isa = PBXBuildFile; fileRef = 097722721FBA8CBE00C262C0 /* 1510533381.gif */; };
		097722751FBA8CD000C262C0 /* 1510626388.gif in Resources */ = {isa = PBXBuildFile; fileRef = 097722741FBA8CCF00C262C0 /* 1510626388.gif */; };
		097722771FBA947400C262C0 /* 1510626387.gif in Resources */ = {isa = PBXBuildFile; fileRef = 097722761FBA947300C262C0 /* 1510626387.gif */; };
		09CEC4251FBBE48E00FC1B34 /* DoorViewController.swift in Sources */ = {isa = PBXBuildFile; fileRef = 09CEC4231FBBE48E00FC1B34 /* DoorViewController.swift */; };
		09CEC4261FBBE48E00FC1B34 /* DoorViewController.xib in Resources */ = {isa = PBXBuildFile; fileRef = 09CEC4241FBBE48E00FC1B34 /* DoorViewController.xib */; };
		09CEC4291FBC0E9100FC1B34 /* TestViewController.swift in Sources */ = {isa = PBXBuildFile; fileRef = 09CEC4271FBC0E9100FC1B34 /* TestViewController.swift */; };
		09CEC42A1FBC0E9100FC1B34 /* TestViewController.xib in Resources */ = {isa = PBXBuildFile; fileRef = 09CEC4281FBC0E9100FC1B34 /* TestViewController.xib */; };
		09CEC42C1FBC0F6200FC1B34 /* Plane.swift in Sources */ = {isa = PBXBuildFile; fileRef = 09CEC42B1FBC0F6200FC1B34 /* Plane.swift */; };
		09F5566B1FBD51DA004DCC03 /* 1510807754.gif in Resources */ = {isa = PBXBuildFile; fileRef = 09F5566A1FBD51DA004DCC03 /* 1510807754.gif */; };
/* End PBXBuildFile section */

/* Begin PBXFileReference section */
		091805E81FB9724D00DBF315 /* ARSCNView+Extension.swift */ = {isa = PBXFileReference; lastKnownFileType = sourcecode.swift; path = "ARSCNView+Extension.swift"; sourceTree = "<group>"; };
		091805EA1FB9727D00DBF315 /* SCNVector3 + Extension.swift */ = {isa = PBXFileReference; lastKnownFileType = sourcecode.swift; path = "SCNVector3 + Extension.swift"; sourceTree = "<group>"; };
		091805EC1FB9782000DBF315 /* RulerViewController.swift */ = {isa = PBXFileReference; lastKnownFileType = sourcecode.swift; path = RulerViewController.swift; sourceTree = "<group>"; };
		091805ED1FB9782000DBF315 /* RulerViewController.xib */ = {isa = PBXFileReference; lastKnownFileType = file.xib; path = RulerViewController.xib; sourceTree = "<group>"; };
		091805F01FB97AF900DBF315 /* Line.swift */ = {isa = PBXFileReference; lastKnownFileType = sourcecode.swift; path = Line.swift; sourceTree = "<group>"; };
		093956701FBB1892008F51D1 /* ship.scn */ = {isa = PBXFileReference; lastKnownFileType = file.bplist; path = ship.scn; sourceTree = "<group>"; };
		094DBE991FB7EBE5003E21F9 /* AR_ series.app */ = {isa = PBXFileReference; explicitFileType = wrapper.application; includeInIndex = 0; path = "AR_ series.app"; sourceTree = BUILT_PRODUCTS_DIR; };
		094DBE9C1FB7EBE5003E21F9 /* AppDelegate.swift */ = {isa = PBXFileReference; lastKnownFileType = sourcecode.swift; path = AppDelegate.swift; sourceTree = "<group>"; };
		094DBE9E1FB7EBE5003E21F9 /* ViewController.swift */ = {isa = PBXFileReference; lastKnownFileType = sourcecode.swift; path = ViewController.swift; sourceTree = "<group>"; };
		094DBEA11FB7EBE5003E21F9 /* Base */ = {isa = PBXFileReference; lastKnownFileType = file.storyboard; name = Base; path = Base.lproj/Main.storyboard; sourceTree = "<group>"; };
		094DBEA31FB7EBE5003E21F9 /* Assets.xcassets */ = {isa = PBXFileReference; lastKnownFileType = folder.assetcatalog; path = Assets.xcassets; sourceTree = "<group>"; };
		094DBEA61FB7EBE5003E21F9 /* Base */ = {isa = PBXFileReference; lastKnownFileType = file.storyboard; name = Base; path = Base.lproj/LaunchScreen.storyboard; sourceTree = "<group>"; };
		094DBEA81FB7EBE5003E21F9 /* Info.plist */ = {isa = PBXFileReference; lastKnownFileType = text.plist.xml; path = Info.plist; sourceTree = "<group>"; };
		094DBEAF1FB7ED25003E21F9 /* SCenViewController.swift */ = {isa = PBXFileReference; lastKnownFileType = sourcecode.swift; path = SCenViewController.swift; sourceTree = "<group>"; };
		094DBEB11FB7FA28003E21F9 /* art.scnassets */ = {isa = PBXFileReference; lastKnownFileType = wrapper.scnassets; path = art.scnassets; sourceTree = "<group>"; };
		094DBEB31FB85865003E21F9 /* CABasicAnimationExtension.swift */ = {isa = PBXFileReference; lastKnownFileType = sourcecode.swift; path = CABasicAnimationExtension.swift; sourceTree = "<group>"; };
		097722721FBA8CBE00C262C0 /* 1510533381.gif */ = {isa = PBXFileReference; lastKnownFileType = image.gif; path = 1510533381.gif; sourceTree = "<group>"; };
		097722741FBA8CCF00C262C0 /* 1510626388.gif */ = {isa = PBXFileReference; lastKnownFileType = image.gif; path = 1510626388.gif; sourceTree = "<group>"; };
		097722761FBA947300C262C0 /* 1510626387.gif */ = {isa = PBXFileReference; lastKnownFileType = image.gif; path = 1510626387.gif; sourceTree = "<group>"; };
		09CEC4231FBBE48E00FC1B34 /* DoorViewController.swift */ = {isa = PBXFileReference; lastKnownFileType = sourcecode.swift; path = DoorViewController.swift; sourceTree = "<group>"; };
		09CEC4241FBBE48E00FC1B34 /* DoorViewController.xib */ = {isa = PBXFileReference; lastKnownFileType = file.xib; path = DoorViewController.xib; sourceTree = "<group>"; };
		09CEC4271FBC0E9100FC1B34 /* TestViewController.swift */ = {isa = PBXFileReference; lastKnownFileType = sourcecode.swift; path = TestViewController.swift; sourceTree = "<group>"; };
		09CEC4281FBC0E9100FC1B34 /* TestViewController.xib */ = {isa = PBXFileReference; lastKnownFileType = file.xib; path = TestViewController.xib; sourceTree = "<group>"; };
		09CEC42B1FBC0F6200FC1B34 /* Plane.swift */ = {isa = PBXFileReference; fileEncoding = 4; lastKnownFileType = sourcecode.swift; path = Plane.swift; sourceTree = "<group>"; };
		09F5566A1FBD51DA004DCC03 /* 1510807754.gif */ = {isa = PBXFileReference; lastKnownFileType = image.gif; path = 1510807754.gif; sourceTree = "<group>"; };
/* End PBXFileReference section */

/* Begin PBXFrameworksBuildPhase section */
		094DBE961FB7EBE5003E21F9 /* Frameworks */ = {
			isa = PBXFrameworksBuildPhase;
			buildActionMask = 2147483647;
			files = (
			);
			runOnlyForDeploymentPostprocessing = 0;
		};
/* End PBXFrameworksBuildPhase section */

/* Begin PBXGroup section */
		091805E71FB9722400DBF315 /* ARluler */ = {
			isa = PBXGroup;
			children = (
				091805E81FB9724D00DBF315 /* ARSCNView+Extension.swift */,
				091805EA1FB9727D00DBF315 /* SCNVector3 + Extension.swift */,
				091805EC1FB9782000DBF315 /* RulerViewController.swift */,
				091805ED1FB9782000DBF315 /* RulerViewController.xib */,
				091805F01FB97AF900DBF315 /* Line.swift */,
			);
			path = ARluler;
			sourceTree = "<group>";
		};
		094DBE901FB7EBE5003E21F9 = {
			isa = PBXGroup;
			children = (
				094DBE9B1FB7EBE5003E21F9 /* AR_ series */,
				094DBE9A1FB7EBE5003E21F9 /* Products */,
			);
			sourceTree = "<group>";
		};
		094DBE9A1FB7EBE5003E21F9 /* Products */ = {
			isa = PBXGroup;
			children = (
				094DBE991FB7EBE5003E21F9 /* AR_ series.app */,
			);
			name = Products;
			sourceTree = "<group>";
		};
		094DBE9B1FB7EBE5003E21F9 /* AR_ series */ = {
			isa = PBXGroup;
			children = (
				09CEC4201FBBE44700FC1B34 /* Door */,
				097722711FBA8CBE00C262C0 /* screenshots */,
				094DBEAE1FB7ECF3003E21F9 /* SunSerial */,
				091805E71FB9722400DBF315 /* ARluler */,
				094DBE9C1FB7EBE5003E21F9 /* AppDelegate.swift */,
				094DBE9E1FB7EBE5003E21F9 /* ViewController.swift */,
				094DBEB11FB7FA28003E21F9 /* art.scnassets */,
				094DBEA01FB7EBE5003E21F9 /* Main.storyboard */,
				094DBEA31FB7EBE5003E21F9 /* Assets.xcassets */,
				094DBEA51FB7EBE5003E21F9 /* LaunchScreen.storyboard */,
				094DBEA81FB7EBE5003E21F9 /* Info.plist */,
				093956701FBB1892008F51D1 /* ship.scn */,
			);
			path = "AR_ series";
			sourceTree = "<group>";
		};
		094DBEAE1FB7ECF3003E21F9 /* SunSerial */ = {
			isa = PBXGroup;
			children = (
				094DBEAF1FB7ED25003E21F9 /* SCenViewController.swift */,
				094DBEB31FB85865003E21F9 /* CABasicAnimationExtension.swift */,
			);
			path = SunSerial;
			sourceTree = "<group>";
		};
		097722711FBA8CBE00C262C0 /* screenshots */ = {
			isa = PBXGroup;
			children = (
				09F5566A1FBD51DA004DCC03 /* 1510807754.gif */,
				097722761FBA947300C262C0 /* 1510626387.gif */,
				097722721FBA8CBE00C262C0 /* 1510533381.gif */,
				097722741FBA8CCF00C262C0 /* 1510626388.gif */,
			);
			path = screenshots;
			sourceTree = "<group>";
		};
		09CEC4201FBBE44700FC1B34 /* Door */ = {
			isa = PBXGroup;
			children = (
				09CEC42B1FBC0F6200FC1B34 /* Plane.swift */,
				09CEC4231FBBE48E00FC1B34 /* DoorViewController.swift */,
				09CEC4241FBBE48E00FC1B34 /* DoorViewController.xib */,
				09CEC4271FBC0E9100FC1B34 /* TestViewController.swift */,
				09CEC4281FBC0E9100FC1B34 /* TestViewController.xib */,
			);
			path = Door;
			sourceTree = "<group>";
		};
/* End PBXGroup section */

/* Begin PBXNativeTarget section */
		094DBE981FB7EBE5003E21F9 /* AR_ series */ = {
			isa = PBXNativeTarget;
			buildConfigurationList = 094DBEAB1FB7EBE5003E21F9 /* Build configuration list for PBXNativeTarget "AR_ series" */;
			buildPhases = (
				094DBE951FB7EBE5003E21F9 /* Sources */,
				094DBE961FB7EBE5003E21F9 /* Frameworks */,
				094DBE971FB7EBE5003E21F9 /* Resources */,
			);
			buildRules = (
			);
			dependencies = (
			);
			name = "AR_ series";
			productName = "AR_ series";
			productReference = 094DBE991FB7EBE5003E21F9 /* AR_ series.app */;
			productType = "com.apple.product-type.application";
		};
/* End PBXNativeTarget section */

/* Begin PBXProject section */
		094DBE911FB7EBE5003E21F9 /* Project object */ = {
			isa = PBXProject;
			attributes = {
				LastSwiftUpdateCheck = 0910;
				LastUpgradeCheck = 0910;
				ORGANIZATIONNAME = libo;
				TargetAttributes = {
					094DBE981FB7EBE5003E21F9 = {
						CreatedOnToolsVersion = 9.1;
						ProvisioningStyle = Automatic;
					};
				};
			};
			buildConfigurationList = 094DBE941FB7EBE5003E21F9 /* Build configuration list for PBXProject "AR_ series" */;
			compatibilityVersion = "Xcode 8.0";
			developmentRegion = en;
			hasScannedForEncodings = 0;
			knownRegions = (
				en,
				Base,
			);
			mainGroup = 094DBE901FB7EBE5003E21F9;
			productRefGroup = 094DBE9A1FB7EBE5003E21F9 /* Products */;
			projectDirPath = "";
			projectRoot = "";
			targets = (
				094DBE981FB7EBE5003E21F9 /* AR_ series */,
			);
		};
/* End PBXProject section */

/* Begin PBXResourcesBuildPhase section */
		094DBE971FB7EBE5003E21F9 /* Resources */ = {
			isa = PBXResourcesBuildPhase;
			buildActionMask = 2147483647;
			files = (
				09F5566B1FBD51DA004DCC03 /* 1510807754.gif in Resources */,
				094DBEA71FB7EBE5003E21F9 /* LaunchScreen.storyboard in Resources */,
				097722771FBA947400C262C0 /* 1510626387.gif in Resources */,
				093956711FBB1892008F51D1 /* ship.scn in Resources */,
				09CEC42A1FBC0E9100FC1B34 /* TestViewController.xib in Resources */,
				094DBEB21FB7FA28003E21F9 /* art.scnassets in Resources */,
				097722751FBA8CD000C262C0 /* 1510626388.gif in Resources */,
				094DBEA41FB7EBE5003E21F9 /* Assets.xcassets in Resources */,
				091805EF1FB9782000DBF315 /* RulerViewController.xib in Resources */,
				097722731FBA8CBE00C262C0 /* 1510533381.gif in Resources */,
				09CEC4261FBBE48E00FC1B34 /* DoorViewController.xib in Resources */,
				094DBEA21FB7EBE5003E21F9 /* Main.storyboard in Resources */,
			);
			runOnlyForDeploymentPostprocessing = 0;
		};
/* End PBXResourcesBuildPhase section */

/* Begin PBXSourcesBuildPhase section */
		094DBE951FB7EBE5003E21F9 /* Sources */ = {
			isa = PBXSourcesBuildPhase;
			buildActionMask = 2147483647;
			files = (
				09CEC4291FBC0E9100FC1B34 /* TestViewController.swift in Sources */,
				094DBE9F1FB7EBE5003E21F9 /* ViewController.swift in Sources */,
				094DBEB41FB85865003E21F9 /* CABasicAnimationExtension.swift in Sources */,
				094DBEB01FB7ED25003E21F9 /* SCenViewController.swift in Sources */,
				091805EB1FB9727D00DBF315 /* SCNVector3 + Extension.swift in Sources */,
				091805E91FB9724D00DBF315 /* ARSCNView+Extension.swift in Sources */,
				091805F11FB97AF900DBF315 /* Line.swift in Sources */,
				091805EE1FB9782000DBF315 /* RulerViewController.swift in Sources */,
				094DBE9D1FB7EBE5003E21F9 /* AppDelegate.swift in Sources */,
				09CEC4251FBBE48E00FC1B34 /* DoorViewController.swift in Sources */,
				09CEC42C1FBC0F6200FC1B34 /* Plane.swift in Sources */,
			);
			runOnlyForDeploymentPostprocessing = 0;
		};
/* End PBXSourcesBuildPhase section */

/* Begin PBXVariantGroup section */
		094DBEA01FB7EBE5003E21F9 /* Main.storyboard */ = {
			isa = PBXVariantGroup;
			children = (
				094DBEA11FB7EBE5003E21F9 /* Base */,
			);
			name = Main.storyboard;
			sourceTree = "<group>";
		};
		094DBEA51FB7EBE5003E21F9 /* LaunchScreen.storyboard */ = {
			isa = PBXVariantGroup;
			children = (
				094DBEA61FB7EBE5003E21F9 /* Base */,
			);
			name = LaunchScreen.storyboard;
			sourceTree = "<group>";
		};
/* End PBXVariantGroup section */

/* Begin XCBuildConfiguration section */
		094DBEA91FB7EBE5003E21F9 /* Debug */ = {
			isa = XCBuildConfiguration;
			buildSettings = {
				ALWAYS_SEARCH_USER_PATHS = NO;
				CLANG_ANALYZER_NONNULL = YES;
				CLANG_ANALYZER_NUMBER_OBJECT_CONVERSION = YES_AGGRESSIVE;
				CLANG_CXX_LANGUAGE_STANDARD = "gnu++14";
				CLANG_CXX_LIBRARY = "libc++";
				CLANG_ENABLE_MODULES = YES;
				CLANG_ENABLE_OBJC_ARC = YES;
				CLANG_WARN_BLOCK_CAPTURE_AUTORELEASING = YES;
				CLANG_WARN_BOOL_CONVERSION = YES;
				CLANG_WARN_COMMA = YES;
				CLANG_WARN_CONSTANT_CONVERSION = YES;
				CLANG_WARN_DIRECT_OBJC_ISA_USAGE = YES_ERROR;
				CLANG_WARN_DOCUMENTATION_COMMENTS = YES;
				CLANG_WARN_EMPTY_BODY = YES;
				CLANG_WARN_ENUM_CONVERSION = YES;
				CLANG_WARN_INFINITE_RECURSION = YES;
				CLANG_WARN_INT_CONVERSION = YES;
				CLANG_WARN_NON_LITERAL_NULL_CONVERSION = YES;
				CLANG_WARN_OBJC_LITERAL_CONVERSION = YES;
				CLANG_WARN_OBJC_ROOT_CLASS = YES_ERROR;
				CLANG_WARN_RANGE_LOOP_ANALYSIS = YES;
				CLANG_WARN_STRICT_PROTOTYPES = YES;
				CLANG_WARN_SUSPICIOUS_MOVE = YES;
				CLANG_WARN_UNGUARDED_AVAILABILITY = YES_AGGRESSIVE;
				CLANG_WARN_UNREACHABLE_CODE = YES;
				CLANG_WARN__DUPLICATE_METHOD_MATCH = YES;
				CODE_SIGN_IDENTITY = "iPhone Developer";
				COPY_PHASE_STRIP = NO;
				DEBUG_INFORMATION_FORMAT = dwarf;
				ENABLE_STRICT_OBJC_MSGSEND = YES;
				ENABLE_TESTABILITY = YES;
				GCC_C_LANGUAGE_STANDARD = gnu11;
				GCC_DYNAMIC_NO_PIC = NO;
				GCC_NO_COMMON_BLOCKS = YES;
				GCC_OPTIMIZATION_LEVEL = 0;
				GCC_PREPROCESSOR_DEFINITIONS = (
					"DEBUG=1",
					"$(inherited)",
				);
				GCC_WARN_64_TO_32_BIT_CONVERSION = YES;
				GCC_WARN_ABOUT_RETURN_TYPE = YES_ERROR;
				GCC_WARN_UNDECLARED_SELECTOR = YES;
				GCC_WARN_UNINITIALIZED_AUTOS = YES_AGGRESSIVE;
				GCC_WARN_UNUSED_FUNCTION = YES;
				GCC_WARN_UNUSED_VARIABLE = YES;
				IPHONEOS_DEPLOYMENT_TARGET = 11.1;
				MTL_ENABLE_DEBUG_INFO = YES;
				ONLY_ACTIVE_ARCH = YES;
				SDKROOT = iphoneos;
				SWIFT_ACTIVE_COMPILATION_CONDITIONS = DEBUG;
				SWIFT_OPTIMIZATION_LEVEL = "-Onone";
			};
			name = Debug;
		};
		094DBEAA1FB7EBE5003E21F9 /* Release */ = {
			isa = XCBuildConfiguration;
			buildSettings = {
				ALWAYS_SEARCH_USER_PATHS = NO;
				CLANG_ANALYZER_NONNULL = YES;
				CLANG_ANALYZER_NUMBER_OBJECT_CONVERSION = YES_AGGRESSIVE;
				CLANG_CXX_LANGUAGE_STANDARD = "gnu++14";
				CLANG_CXX_LIBRARY = "libc++";
				CLANG_ENABLE_MODULES = YES;
				CLANG_ENABLE_OBJC_ARC = YES;
				CLANG_WARN_BLOCK_CAPTURE_AUTORELEASING = YES;
				CLANG_WARN_BOOL_CONVERSION = YES;
				CLANG_WARN_COMMA = YES;
				CLANG_WARN_CONSTANT_CONVERSION = YES;
				CLANG_WARN_DIRECT_OBJC_ISA_USAGE = YES_ERROR;
				CLANG_WARN_DOCUMENTATION_COMMENTS = YES;
				CLANG_WARN_EMPTY_BODY = YES;
				CLANG_WARN_ENUM_CONVERSION = YES;
				CLANG_WARN_INFINITE_RECURSION = YES;
				CLANG_WARN_INT_CONVERSION = YES;
				CLANG_WARN_NON_LITERAL_NULL_CONVERSION = YES;
				CLANG_WARN_OBJC_LITERAL_CONVERSION = YES;
				CLANG_WARN_OBJC_ROOT_CLASS = YES_ERROR;
				CLANG_WARN_RANGE_LOOP_ANALYSIS = YES;
				CLANG_WARN_STRICT_PROTOTYPES = YES;
				CLANG_WARN_SUSPICIOUS_MOVE = YES;
				CLANG_WARN_UNGUARDED_AVAILABILITY = YES_AGGRESSIVE;
				CLANG_WARN_UNREACHABLE_CODE = YES;
				CLANG_WARN__DUPLICATE_METHOD_MATCH = YES;
				CODE_SIGN_IDENTITY = "iPhone Developer";
				COPY_PHASE_STRIP = NO;
				DEBUG_INFORMATION_FORMAT = "dwarf-with-dsym";
				ENABLE_NS_ASSERTIONS = NO;
				ENABLE_STRICT_OBJC_MSGSEND = YES;
				GCC_C_LANGUAGE_STANDARD = gnu11;
				GCC_NO_COMMON_BLOCKS = YES;
				GCC_WARN_64_TO_32_BIT_CONVERSION = YES;
				GCC_WARN_ABOUT_RETURN_TYPE = YES_ERROR;
				GCC_WARN_UNDECLARED_SELECTOR = YES;
				GCC_WARN_UNINITIALIZED_AUTOS = YES_AGGRESSIVE;
				GCC_WARN_UNUSED_FUNCTION = YES;
				GCC_WARN_UNUSED_VARIABLE = YES;
				IPHONEOS_DEPLOYMENT_TARGET = 11.1;
				MTL_ENABLE_DEBUG_INFO = NO;
				SDKROOT = iphoneos;
				SWIFT_OPTIMIZATION_LEVEL = "-Owholemodule";
				VALIDATE_PRODUCT = YES;
			};
			name = Release;
		};
		094DBEAC1FB7EBE5003E21F9 /* Debug */ = {
			isa = XCBuildConfiguration;
			buildSettings = {
				ASSETCATALOG_COMPILER_APPICON_NAME = AppIcon;
				CODE_SIGN_STYLE = Automatic;
				DEVELOPMENT_TEAM = 3G96BA2462;
				INFOPLIST_FILE = "AR_ series/Info.plist";
				LD_RUNPATH_SEARCH_PATHS = "$(inherited) @executable_path/Frameworks";
				PRODUCT_BUNDLE_IDENTIFIER = "com.yonyou.AR--series";
				PRODUCT_NAME = "$(TARGET_NAME)";
				SWIFT_VERSION = 4.0;
				TARGETED_DEVICE_FAMILY = "1,2";
			};
			name = Debug;
		};
		094DBEAD1FB7EBE5003E21F9 /* Release */ = {
			isa = XCBuildConfiguration;
			buildSettings = {
				ASSETCATALOG_COMPILER_APPICON_NAME = AppIcon;
				CODE_SIGN_STYLE = Automatic;
				DEVELOPMENT_TEAM = 3G96BA2462;
				INFOPLIST_FILE = "AR_ series/Info.plist";
				LD_RUNPATH_SEARCH_PATHS = "$(inherited) @executable_path/Frameworks";
				PRODUCT_BUNDLE_IDENTIFIER = "com.yonyou.AR--series";
				PRODUCT_NAME = "$(TARGET_NAME)";
				SWIFT_VERSION = 4.0;
				TARGETED_DEVICE_FAMILY = "1,2";
			};
			name = Release;
		};
/* End XCBuildConfiguration section */

/* Begin XCConfigurationList section */
		094DBE941FB7EBE5003E21F9 /* Build configuration list for PBXProject "AR_ series" */ = {
			isa = XCConfigurationList;
			buildConfigurations = (
				094DBEA91FB7EBE5003E21F9 /* Debug */,
				094DBEAA1FB7EBE5003E21F9 /* Release */,
			);
			defaultConfigurationIsVisible = 0;
			defaultConfigurationName = Release;
		};
		094DBEAB1FB7EBE5003E21F9 /* Build configuration list for PBXNativeTarget "AR_ series" */ = {
			isa = XCConfigurationList;
			buildConfigurations = (
				094DBEAC1FB7EBE5003E21F9 /* Debug */,
				094DBEAD1FB7EBE5003E21F9 /* Release */,
			);
			defaultConfigurationIsVisible = 0;
			defaultConfigurationName = Release;
		};
/* End XCConfigurationList section */
	};
	rootObject = 094DBE911FB7EBE5003E21F9 /* Project object */;
}
